{
  "version": 4,
  "terraform_version": "1.13.4",
  "serial": 4,
  "lineage": "147dbaec-aefc-6634-1f46-1cc6a6a3e54f",
  "outputs": {},
  "resources": [
    {
      "mode": "managed",
      "type": "aws_key_pair",
      "name": "deployer",
      "provider": "provider[\"registry.terraform.io/hashicorp/aws\"]",
      "instances": [
        {
          "schema_version": 1,
          "attributes": {
            "arn": "arn:aws:ec2:us-east-1:076597402322:key-pair/deployer-key",
            "fingerprint": "7d:cd:ab:49:bc:bb:0d:3b:a0:88:37:93:5a:c2:4d:17",
            "id": "deployer-key",
            "key_name": "deployer-key",
            "key_name_prefix": "",
            "key_pair_id": "key-0a28103eca643bb29",
            "key_type": "rsa",
            "public_key": "ssh-rsa AAAAB3NzaC1yc2EAAAADAQABAAACAQCQlyJ01kUE+duvoVu7EsiYybjtYBmXt4xaTRaVJt3rZJ4uW9RM7z9P3oZ2Dn+aqz3NNaWTu6YTfZ8ZCsQ3b4yzTWrRsqd2JWUs8530DE5E7lm3L189TEVdGMeQwjgwHvQEaVG6bazpYAmyGaIPpDdE61BzZ+EqzKpx8914vtpNSc6NLBMsCIgrYx90MWo7850S6RthD5rIxMbgGsuKorCOQpUUYPIELdhmrmngVsqSOJMq65YeVlaWfNoUC5n/2T3+YSWShbeExsewaov6CxpsP5FcxHOcz/ia2ov919owr97f5wRGUFKsQSkZ4yKF7lIGVuDzk7+l2TEhK+oJyHD8261lqup8y3zhr2H37UHv6Uk+XIgjhRfLQENCp/cbUHrgBXnjudGX4OF7mzhuJ53eRpCysjJJIxQQSZnm2Nen6Wa63cZN1e9G0nqzy8oXbmZd5f8aLg0Wj0etkLxQ3pjE04s5jg7qptTGoFhkHTo3sEOBSY+GWhlaYtIqNaIM433Okt2EyK8J+QSZ08symMq6uhtGjtpwhOURTys0SHT2G0THjymACv4A3O+DmwJEqGtBzcU/y7aToTRqlaZUgoWzrcky2tGakVno53r1DCO0cFOd325BZlzb8yxEhgKlvkdxAKJeyOJ7hRkQbPhUyWPo1UeQ5Bery+NDdvonV+6QLQ== mayur@mayur-HP-EliteBook-830-G7-Notebook-PC",
            "region": "us-east-1",
            "tags": null,
            "tags_all": {}
          },
          "sensitive_attributes": [],
          "identity_schema_version": 0,
          "private": "eyJzY2hlbWFfdmVyc2lvbiI6IjEifQ=="
        }
      ]
    },
    {
      "mode": "managed",
      "type": "aws_security_group",
      "name": "web_sg",
      "provider": "provider[\"registry.terraform.io/hashicorp/aws\"]",
      "instances": [
        {
          "schema_version": 1,
          "attributes": {
            "arn": "arn:aws:ec2:us-east-1:076597402322:security-group/sg-0687a8aee0ab222b0",
            "description": "Allow SSH and HTTP",
            "egress": [
              {
                "cidr_blocks": [
                  "0.0.0.0/0"
                ],
                "description": "",
                "from_port": 0,
                "ipv6_cidr_blocks": [],
                "prefix_list_ids": [],
                "protocol": "-1",
                "security_groups": [],
                "self": false,
                "to_port": 0
              }
            ],
            "id": "sg-0687a8aee0ab222b0",
            "ingress": [
              {
                "cidr_blocks": [
                  "0.0.0.0/0"
                ],
                "description": "",
                "from_port": 22,
                "ipv6_cidr_blocks": [],
                "prefix_list_ids": [],
                "protocol": "tcp",
                "security_groups": [],
                "self": false,
                "to_port": 22
              },
              {
                "cidr_blocks": [
                  "0.0.0.0/0"
                ],
                "description": "",
                "from_port": 80,
                "ipv6_cidr_blocks": [],
                "prefix_list_ids": [],
                "protocol": "tcp",
                "security_groups": [],
                "self": false,
                "to_port": 80
              }
            ],
            "name": "web-sg-20251026195100838800000001",
            "name_prefix": "web-sg-",
            "owner_id": "076597402322",
            "region": "us-east-1",
            "revoke_rules_on_delete": false,
            "tags": null,
            "tags_all": {},
            "timeouts": null,
            "vpc_id": "vpc-0f1a8e846b61f361b"
          },
          "sensitive_attributes": [],
          "identity_schema_version": 0,
          "identity": {
            "account_id": "076597402322",
            "id": "sg-0687a8aee0ab222b0",
            "region": "us-east-1"
          },
          "private": "eyJlMmJmYjczMC1lY2FhLTExZTYtOGY4OC0zNDM2M2JjN2M0YzAiOnsiY3JlYXRlIjo2MDAwMDAwMDAwMDAsImRlbGV0ZSI6OTAwMDAwMDAwMDAwfSwic2NoZW1hX3ZlcnNpb24iOiIxIn0="
        }
      ]
    }
  ],
  "check_results": null
}
